
Microsoft Visual Studio Solution File, Format Version 12.00
# Visual Studio Version 17
VisualStudioVersion = 17.0.32014.148
MinimumVisualStudioVersion = 10.0.40219.1
Project("{FAE04EC0-301F-11D3-BF4B-00C04F79EFBC}") = "AcademiaSystem", "AcademiaSystem.csproj", "{9A8894D5-3866-4FED-B060-7014092BC6B9}"
EndProject
Project("{54435603-DBB4-11D2-8724-00A0C9A8B90C}") = "Instalador_Academy", "Instalador\Instalador_Academy\Instalador_Academy.vdproj", "{B155F0DA-D7AD-431F-9F28-EEA8D147346B}"
EndProject
Global
	GlobalSection(SolutionConfigurationPlatforms) = preSolution
		Debug|Any CPU = Debug|Any CPU
		Release|Any CPU = Release|Any CPU
	EndGlobalSection
	GlobalSection(ProjectConfigurationPlatforms) = postSolution
		{9A8894D5-3866-4FED-B060-7014092BC6B9}.Debug|Any CPU.ActiveCfg = Debug|Any CPU
		{9A8894D5-3866-4FED-B060-7014092BC6B9}.Debug|Any CPU.Build.0 = Debug|Any CPU
		{9A8894D5-3866-4FED-B060-7014092BC6B9}.Release|Any CPU.ActiveCfg = Release|Any CPU
		{9A8894D5-3866-4FED-B060-7014092BC6B9}.Release|Any CPU.Build.0 = Release|Any CPU
		{B155F0DA-D7AD-431F-9F28-EEA8D147346B}.Debug|Any CPU.ActiveCfg = Debug
		{B155F0DA-D7AD-431F-9F28-EEA8D147346B}.Release|Any CPU.ActiveCfg = Release
	EndGlobalSection
	GlobalSection(SolutionProperties) = preSolution
		HideSolutionNode = FALSE
	EndGlobalSection
	GlobalSection(ExtensibilityGlobals) = postSolution
		SolutionGuid = {01A344DB-639F-41CD-9B03-ECD909AECEEE}
	EndGlobalSection
EndGlobal
